
Microsoft Visual Studio Solution File, Format Version 12.00
# Visual Studio 2013
VisualStudioVersion = 12.0.21005.1
MinimumVisualStudioVersion = 10.0.40219.1
Project("{FAE04EC0-301F-11D3-BF4B-00C04F79EFBC}") = "GridExample", "GridExample\GridExample.csproj", "{133D2BB5-F212-4EFC-BF0D-A9F26921F0A7}"
EndProject
Project("{FAE04EC0-301F-11D3-BF4B-00C04F79EFBC}") = "IIModel", "IIModel\IIModel.csproj", "{C7279B7F-4ED1-4423-821F-F468C2032193}"
EndProject
Global
	GlobalSection(SolutionConfigurationPlatforms) = preSolution
		Debug|Any CPU = Debug|Any CPU
		Release|Any CPU = Release|Any CPU
	EndGlobalSection
	GlobalSection(ProjectConfigurationPlatforms) = postSolution
		{133D2BB5-F212-4EFC-BF0D-A9F26921F0A7}.Debug|Any CPU.ActiveCfg = Debug|Any CPU
		{133D2BB5-F212-4EFC-BF0D-A9F26921F0A7}.Debug|Any CPU.Build.0 = Debug|Any CPU
		{133D2BB5-F212-4EFC-BF0D-A9F26921F0A7}.Release|Any CPU.ActiveCfg = Release|Any CPU
		{133D2BB5-F212-4EFC-BF0D-A9F26921F0A7}.Release|Any CPU.Build.0 = Release|Any CPU
		{C7279B7F-4ED1-4423-821F-F468C2032193}.Debug|Any CPU.ActiveCfg = Debug|Any CPU
		{C7279B7F-4ED1-4423-821F-F468C2032193}.Debug|Any CPU.Build.0 = Debug|Any CPU
		{C7279B7F-4ED1-4423-821F-F468C2032193}.Release|Any CPU.ActiveCfg = Release|Any CPU
		{C7279B7F-4ED1-4423-821F-F468C2032193}.Release|Any CPU.Build.0 = Release|Any CPU
	EndGlobalSection
	GlobalSection(SolutionProperties) = preSolution
		HideSolutionNode = FALSE
	EndGlobalSection
EndGlobal
